
Microsoft Visual Studio Solution File, Format Version 12.00
# Visual Studio Version 17
VisualStudioVersion = 17.9.34407.89
MinimumVisualStudioVersion = 10.0.40219.1
Project("{9A19103F-16F7-4668-BE54-9A1E7A4F7556}") = "BrickStoreSharp", "BrickStoreSharp.csproj", "{8381F52A-D43F-4845-97C1-A64DC107994B}"
EndProject
Global
	GlobalSection(SolutionConfigurationPlatforms) = preSolution
		Debug|Any CPU = Debug|Any CPU
		Release|Any CPU = Release|Any CPU
	EndGlobalSection
	GlobalSection(ProjectConfigurationPlatforms) = postSolution
		{8381F52A-D43F-4845-97C1-A64DC107994B}.Debug|Any CPU.ActiveCfg = Debug|Any CPU
		{8381F52A-D43F-4845-97C1-A64DC107994B}.Debug|Any CPU.Build.0 = Debug|Any CPU
		{8381F52A-D43F-4845-97C1-A64DC107994B}.Release|Any CPU.ActiveCfg = Release|Any CPU
		{8381F52A-D43F-4845-97C1-A64DC107994B}.Release|Any CPU.Build.0 = Release|Any CPU
	EndGlobalSection
	GlobalSection(SolutionProperties) = preSolution
		HideSolutionNode = FALSE
	EndGlobalSection
	GlobalSection(ExtensibilityGlobals) = postSolution
		SolutionGuid = {E5A7DA88-0FEC-4664-8B9A-ADB9B1084F6A}
	EndGlobalSection
EndGlobal
